// !$*UTF8*$!
{
	archiveVersion = 1;
	classes = {
	};
	objectVersion = 55;
	objects = {

/* Begin PBXBuildFile section */
		2C56B5C9283E0926005A4192 /* AppDelegate.swift in Sources */ = {isa = PBXBuildFile; fileRef = 2C56B5C8283E0926005A4192 /* AppDelegate.swift */; };
		2C56B5CB283E0926005A4192 /* SceneDelegate.swift in Sources */ = {isa = PBXBuildFile; fileRef = 2C56B5CA283E0926005A4192 /* SceneDelegate.swift */; };
		2C56B5CD283E0926005A4192 /* ViewController.swift in Sources */ = {isa = PBXBuildFile; fileRef = 2C56B5CC283E0926005A4192 /* ViewController.swift */; };
		2C56B5D0283E0926005A4192 /* Main.storyboard in Resources */ = {isa = PBXBuildFile; fileRef = 2C56B5CE283E0926005A4192 /* Main.storyboard */; };
		2C56B5D3283E0926005A4192 /* iampoor.xcdatamodeld in Sources */ = {isa = PBXBuildFile; fileRef = 2C56B5D1283E0926005A4192 /* iampoor.xcdatamodeld */; };
		2C56B5D5283E0927005A4192 /* Assets.xcassets in Resources */ = {isa = PBXBuildFile; fileRef = 2C56B5D4283E0927005A4192 /* Assets.xcassets */; };
		2C56B5D8283E0927005A4192 /* LaunchScreen.storyboard in Resources */ = {isa = PBXBuildFile; fileRef = 2C56B5D6283E0927005A4192 /* LaunchScreen.storyboard */; };
		2C56B5E3283E0927005A4192 /* iampoorTests.swift in Sources */ = {isa = PBXBuildFile; fileRef = 2C56B5E2283E0927005A4192 /* iampoorTests.swift */; };
		2C56B5ED283E0927005A4192 /* iampoorUITests.swift in Sources */ = {isa = PBXBuildFile; fileRef = 2C56B5EC283E0927005A4192 /* iampoorUITests.swift */; };
		2C56B5EF283E0927005A4192 /* iampoorUITestsLaunchTests.swift in Sources */ = {isa = PBXBuildFile; fileRef = 2C56B5EE283E0927005A4192 /* iampoorUITestsLaunchTests.swift */; };
/* End PBXBuildFile section */

/* Begin PBXContainerItemProxy section */
		2C56B5DF283E0927005A4192 /* PBXContainerItemProxy */ = {
			isa = PBXContainerItemProxy;
			containerPortal = 2C56B5BD283E0926005A4192 /* Project object */;
			proxyType = 1;
			remoteGlobalIDString = 2C56B5C4283E0926005A4192;
			remoteInfo = iampoor;
		};
		2C56B5E9283E0927005A4192 /* PBXContainerItemProxy */ = {
			isa = PBXContainerItemProxy;
			containerPortal = 2C56B5BD283E0926005A4192 /* Project object */;
			proxyType = 1;
			remoteGlobalIDString = 2C56B5C4283E0926005A4192;
			remoteInfo = iampoor;
		};
/* End PBXContainerItemProxy section */

/* Begin PBXFileReference section */
		2C56B5C5283E0926005A4192 /* iampoor.app */ = {isa = PBXFileReference; explicitFileType = wrapper.application; includeInIndex = 0; path = iampoor.app; sourceTree = BUILT_PRODUCTS_DIR; };
		2C56B5C8283E0926005A4192 /* AppDelegate.swift */ = {isa = PBXFileReference; lastKnownFileType = sourcecode.swift; path = AppDelegate.swift; sourceTree = "<group>"; };
		2C56B5CA283E0926005A4192 /* SceneDelegate.swift */ = {isa = PBXFileReference; lastKnownFileType = sourcecode.swift; path = SceneDelegate.swift; sourceTree = "<group>"; };
		2C56B5CC283E0926005A4192 /* ViewController.swift */ = {isa = PBXFileReference; lastKnownFileType = sourcecode.swift; path = ViewController.swift; sourceTree = "<group>"; };
		2C56B5CF283E0926005A4192 /* Base */ = {isa = PBXFileReference; lastKnownFileType = file.storyboard; name = Base; path = Base.lproj/Main.storyboard; sourceTree = "<group>"; };
		2C56B5D2283E0926005A4192 /* iampoor.xcdatamodel */ = {isa = PBXFileReference; lastKnownFileType = wrapper.xcdatamodel; path = iampoor.xcdatamodel; sourceTree = "<group>"; };
		2C56B5D4283E0927005A4192 /* Assets.xcassets */ = {isa = PBXFileReference; lastKnownFileType = folder.assetcatalog; path = Assets.xcassets; sourceTree = "<group>"; };
		2C56B5D7283E0927005A4192 /* Base */ = {isa = PBXFileReference; lastKnownFileType = file.storyboard; name = Base; path = Base.lproj/LaunchScreen.storyboard; sourceTree = "<group>"; };
		2C56B5D9283E0927005A4192 /* Info.plist */ = {isa = PBXFileReference; lastKnownFileType = text.plist.xml; path = Info.plist; sourceTree = "<group>"; };
		2C56B5DE283E0927005A4192 /* iampoorTests.xctest */ = {isa = PBXFileReference; explicitFileType = wrapper.cfbundle; includeInIndex = 0; path = iampoorTests.xctest; sourceTree = BUILT_PRODUCTS_DIR; };
		2C56B5E2283E0927005A4192 /* iampoorTests.swift */ = {isa = PBXFileReference; lastKnownFileType = sourcecode.swift; path = iampoorTests.swift; sourceTree = "<group>"; };
		2C56B5E8283E0927005A4192 /* iampoorUITests.xctest */ = {isa = PBXFileReference; explicitFileType = wrapper.cfbundle; includeInIndex = 0; path = iampoorUITests.xctest; sourceTree = BUILT_PRODUCTS_DIR; };
		2C56B5EC283E0927005A4192 /* iampoorUITests.swift */ = {isa = PBXFileReference; lastKnownFileType = sourcecode.swift; path = iampoorUITests.swift; sourceTree = "<group>"; };
		2C56B5EE283E0927005A4192 /* iampoorUITestsLaunchTests.swift */ = {isa = PBXFileReference; lastKnownFileType = sourcecode.swift; path = iampoorUITestsLaunchTests.swift; sourceTree = "<group>"; };
/* End PBXFileReference section */

/* Begin PBXFrameworksBuildPhase section */
		2C56B5C2283E0926005A4192 /* Frameworks */ = {
			isa = PBXFrameworksBuildPhase;
			buildActionMask = 2147483647;
			files = (
			);
			runOnlyForDeploymentPostprocessing = 0;
		};
		2C56B5DB283E0927005A4192 /* Frameworks */ = {
			isa = PBXFrameworksBuildPhase;
			buildActionMask = 2147483647;
			files = (
			);
			runOnlyForDeploymentPostprocessing = 0;
		};
		2C56B5E5283E0927005A4192 /* Frameworks */ = {
			isa = PBXFrameworksBuildPhase;
			buildActionMask = 2147483647;
			files = (
			);
			runOnlyForDeploymentPostprocessing = 0;
		};
/* End PBXFrameworksBuildPhase section */

/* Begin PBXGroup section */
		2C56B5BC283E0926005A4192 = {
			isa = PBXGroup;
			children = (
				2C56B5C7283E0926005A4192 /* iampoor */,
				2C56B5E1283E0927005A4192 /* iampoorTests */,
				2C56B5EB283E0927005A4192 /* iampoorUITests */,
				2C56B5C6283E0926005A4192 /* Products */,
			);
			sourceTree = "<group>";
		};
		2C56B5C6283E0926005A4192 /* Products */ = {
			isa = PBXGroup;
			children = (
				2C56B5C5283E0926005A4192 /* iampoor.app */,
				2C56B5DE283E0927005A4192 /* iampoorTests.xctest */,
				2C56B5E8283E0927005A4192 /* iampoorUITests.xctest */,
			);
			name = Products;
			sourceTree = "<group>";
		};
		2C56B5C7283E0926005A4192 /* iampoor */ = {
			isa = PBXGroup;
			children = (
				2C56B5C8283E0926005A4192 /* AppDelegate.swift */,
				2C56B5CA283E0926005A4192 /* SceneDelegate.swift */,
				2C56B5CC283E0926005A4192 /* ViewController.swift */,
				2C56B5CE283E0926005A4192 /* Main.storyboard */,
				2C56B5D4283E0927005A4192 /* Assets.xcassets */,
				2C56B5D6283E0927005A4192 /* LaunchScreen.storyboard */,
				2C56B5D9283E0927005A4192 /* Info.plist */,
				2C56B5D1283E0926005A4192 /* iampoor.xcdatamodeld */,
			);
			path = iampoor;
			sourceTree = "<group>";
		};
		2C56B5E1283E0927005A4192 /* iampoorTests */ = {
			isa = PBXGroup;
			children = (
				2C56B5E2283E0927005A4192 /* iampoorTests.swift */,
			);
			path = iampoorTests;
			sourceTree = "<group>";
		};
		2C56B5EB283E0927005A4192 /* iampoorUITests */ = {
			isa = PBXGroup;
			children = (
				2C56B5EC283E0927005A4192 /* iampoorUITests.swift */,
				2C56B5EE283E0927005A4192 /* iampoorUITestsLaunchTests.swift */,
			);
			path = iampoorUITests;
			sourceTree = "<group>";
		};
/* End PBXGroup section */

/* Begin PBXNativeTarget section */
		2C56B5C4283E0926005A4192 /* iampoor */ = {
			isa = PBXNativeTarget;
			buildConfigurationList = 2C56B5F2283E0927005A4192 /* Build configuration list for PBXNativeTarget "iampoor" */;
			buildPhases = (
				2C56B5C1283E0926005A4192 /* Sources */,
				2C56B5C2283E0926005A4192 /* Frameworks */,
				2C56B5C3283E0926005A4192 /* Resources */,
			);
			buildRules = (
			);
			dependencies = (
			);
			name = iampoor;
			productName = iampoor;
			productReference = 2C56B5C5283E0926005A4192 /* iampoor.app */;
			productType = "com.apple.product-type.application";
		};
		2C56B5DD283E0927005A4192 /* iampoorTests */ = {
			isa = PBXNativeTarget;
			buildConfigurationList = 2C56B5F5283E0927005A4192 /* Build configuration list for PBXNativeTarget "iampoorTests" */;
			buildPhases = (
				2C56B5DA283E0927005A4192 /* Sources */,
				2C56B5DB283E0927005A4192 /* Frameworks */,
				2C56B5DC283E0927005A4192 /* Resources */,
			);
			buildRules = (
			);
			dependencies = (
				2C56B5E0283E0927005A4192 /* PBXTargetDependency */,
			);
			name = iampoorTests;
			productName = iampoorTests;
			productReference = 2C56B5DE283E0927005A4192 /* iampoorTests.xctest */;
			productType = "com.apple.product-type.bundle.unit-test";
		};
		2C56B5E7283E0927005A4192 /* iampoorUITests */ = {
			isa = PBXNativeTarget;
			buildConfigurationList = 2C56B5F8283E0927005A4192 /* Build configuration list for PBXNativeTarget "iampoorUITests" */;
			buildPhases = (
				2C56B5E4283E0927005A4192 /* Sources */,
				2C56B5E5283E0927005A4192 /* Frameworks */,
				2C56B5E6283E0927005A4192 /* Resources */,
			);
			buildRules = (
			);
			dependencies = (
				2C56B5EA283E0927005A4192 /* PBXTargetDependency */,
			);
			name = iampoorUITests;
			productName = iampoorUITests;
			productReference = 2C56B5E8283E0927005A4192 /* iampoorUITests.xctest */;
			productType = "com.apple.product-type.bundle.ui-testing";
		};
/* End PBXNativeTarget section */

/* Begin PBXProject section */
		2C56B5BD283E0926005A4192 /* Project object */ = {
			isa = PBXProject;
			attributes = {
				BuildIndependentTargetsInParallel = 1;
				LastSwiftUpdateCheck = 1340;
				LastUpgradeCheck = 1340;
				TargetAttributes = {
					2C56B5C4283E0926005A4192 = {
						CreatedOnToolsVersion = 13.4;
					};
					2C56B5DD283E0927005A4192 = {
						CreatedOnToolsVersion = 13.4;
						TestTargetID = 2C56B5C4283E0926005A4192;
					};
					2C56B5E7283E0927005A4192 = {
						CreatedOnToolsVersion = 13.4;
						TestTargetID = 2C56B5C4283E0926005A4192;
					};
				};
			};
			buildConfigurationList = 2C56B5C0283E0926005A4192 /* Build configuration list for PBXProject "iampoor" */;
			compatibilityVersion = "Xcode 13.0";
			developmentRegion = en;
			hasScannedForEncodings = 0;
			knownRegions = (
				en,
				Base,
			);
			mainGroup = 2C56B5BC283E0926005A4192;
			productRefGroup = 2C56B5C6283E0926005A4192 /* Products */;
			projectDirPath = "";
			projectRoot = "";
			targets = (
				2C56B5C4283E0926005A4192 /* iampoor */,
				2C56B5DD283E0927005A4192 /* iampoorTests */,
				2C56B5E7283E0927005A4192 /* iampoorUITests */,
			);
		};
/* End PBXProject section */

/* Begin PBXResourcesBuildPhase section */
		2C56B5C3283E0926005A4192 /* Resources */ = {
			isa = PBXResourcesBuildPhase;
			buildActionMask = 2147483647;
			files = (
				2C56B5D8283E0927005A4192 /* LaunchScreen.storyboard in Resources */,
				2C56B5D5283E0927005A4192 /* Assets.xcassets in Resources */,
				2C56B5D0283E0926005A4192 /* Main.storyboard in Resources */,
			);
			runOnlyForDeploymentPostprocessing = 0;
		};
		2C56B5DC283E0927005A4192 /* Resources */ = {
			isa = PBXResourcesBuildPhase;
			buildActionMask = 2147483647;
			files = (
			);
			runOnlyForDeploymentPostprocessing = 0;
		};
		2C56B5E6283E0927005A4192 /* Resources */ = {
			isa = PBXResourcesBuildPhase;
			buildActionMask = 2147483647;
			files = (
			);
			runOnlyForDeploymentPostprocessing = 0;
		};
/* End PBXResourcesBuildPhase section */

/* Begin PBXSourcesBuildPhase section */
		2C56B5C1283E0926005A4192 /* Sources */ = {
			isa = PBXSourcesBuildPhase;
			buildActionMask = 2147483647;
			files = (
				2C56B5CD283E0926005A4192 /* ViewController.swift in Sources */,
				2C56B5C9283E0926005A4192 /* AppDelegate.swift in Sources */,
				2C56B5CB283E0926005A4192 /* SceneDelegate.swift in Sources */,
				2C56B5D3283E0926005A4192 /* iampoor.xcdatamodeld in Sources */,
			);
			runOnlyForDeploymentPostprocessing = 0;
		};
		2C56B5DA283E0927005A4192 /* Sources */ = {
			isa = PBXSourcesBuildPhase;
			buildActionMask = 2147483647;
			files = (
				2C56B5E3283E0927005A4192 /* iampoorTests.swift in Sources */,
			);
			runOnlyForDeploymentPostprocessing = 0;
		};
		2C56B5E4283E0927005A4192 /* Sources */ = {
			isa = PBXSourcesBuildPhase;
			buildActionMask = 2147483647;
			files = (
				2C56B5EF283E0927005A4192 /* iampoorUITestsLaunchTests.swift in Sources */,
				2C56B5ED283E0927005A4192 /* iampoorUITests.swift in Sources */,
			);
			runOnlyForDeploymentPostprocessing = 0;
		};
/* End PBXSourcesBuildPhase section */

/* Begin PBXTargetDependency section */
		2C56B5E0283E0927005A4192 /* PBXTargetDependency */ = {
			isa = PBXTargetDependency;
			target = 2C56B5C4283E0926005A4192 /* iampoor */;
			targetProxy = 2C56B5DF283E0927005A4192 /* PBXContainerItemProxy */;
		};
		2C56B5EA283E0927005A4192 /* PBXTargetDependency */ = {
			isa = PBXTargetDependency;
			target = 2C56B5C4283E0926005A4192 /* iampoor */;
			targetProxy = 2C56B5E9283E0927005A4192 /* PBXContainerItemProxy */;
		};
/* End PBXTargetDependency section */

/* Begin PBXVariantGroup section */
		2C56B5CE283E0926005A4192 /* Main.storyboard */ = {
			isa = PBXVariantGroup;
			children = (
				2C56B5CF283E0926005A4192 /* Base */,
			);
			name = Main.storyboard;
			sourceTree = "<group>";
		};
		2C56B5D6283E0927005A4192 /* LaunchScreen.storyboard */ = {
			isa = PBXVariantGroup;
			children = (
				2C56B5D7283E0927005A4192 /* Base */,
			);
			name = LaunchScreen.storyboard;
			sourceTree = "<group>";
		};
/* End PBXVariantGroup section */

/* Begin XCBuildConfiguration section */
		2C56B5F0283E0927005A4192 /* Debug */ = {
			isa = XCBuildConfiguration;
			buildSettings = {
				ALWAYS_SEARCH_USER_PATHS = NO;
				CLANG_ANALYZER_NONNULL = YES;
				CLANG_ANALYZER_NUMBER_OBJECT_CONVERSION = YES_AGGRESSIVE;
				CLANG_CXX_LANGUAGE_STANDARD = "gnu++17";
				CLANG_ENABLE_MODULES = YES;
				CLANG_ENABLE_OBJC_ARC = YES;
				CLANG_ENABLE_OBJC_WEAK = YES;
				CLANG_WARN_BLOCK_CAPTURE_AUTORELEASING = YES;
				CLANG_WARN_BOOL_CONVERSION = YES;
				CLANG_WARN_COMMA = YES;
				CLANG_WARN_CONSTANT_CONVERSION = YES;
				CLANG_WARN_DEPRECATED_OBJC_IMPLEMENTATIONS = YES;
				CLANG_WARN_DIRECT_OBJC_ISA_USAGE = YES_ERROR;
				CLANG_WARN_DOCUMENTATION_COMMENTS = YES;
				CLANG_WARN_EMPTY_BODY = YES;
				CLANG_WARN_ENUM_CONVERSION = YES;
				CLANG_WARN_INFINITE_RECURSION = YES;
				CLANG_WARN_INT_CONVERSION = YES;
				CLANG_WARN_NON_LITERAL_NULL_CONVERSION = YES;
				CLANG_WARN_OBJC_IMPLICIT_RETAIN_SELF = YES;
				CLANG_WARN_OBJC_LITERAL_CONVERSION = YES;
				CLANG_WARN_OBJC_ROOT_CLASS = YES_ERROR;
				CLANG_WARN_QUOTED_INCLUDE_IN_FRAMEWORK_HEADER = YES;
				CLANG_WARN_RANGE_LOOP_ANALYSIS = YES;
				CLANG_WARN_STRICT_PROTOTYPES = YES;
				CLANG_WARN_SUSPICIOUS_MOVE = YES;
				CLANG_WARN_UNGUARDED_AVAILABILITY = YES_AGGRESSIVE;
				CLANG_WARN_UNREACHABLE_CODE = YES;
				CLANG_WARN__DUPLICATE_METHOD_MATCH = YES;
				COPY_PHASE_STRIP = NO;
				DEBUG_INFORMATION_FORMAT = dwarf;
				ENABLE_STRICT_OBJC_MSGSEND = YES;
				ENABLE_TESTABILITY = YES;
				GCC_C_LANGUAGE_STANDARD = gnu11;
				GCC_DYNAMIC_NO_PIC = NO;
				GCC_NO_COMMON_BLOCKS = YES;
				GCC_OPTIMIZATION_LEVEL = 0;
				GCC_PREPROCESSOR_DEFINITIONS = (
					"DEBUG=1",
					"$(inherited)",
				);
				GCC_WARN_64_TO_32_BIT_CONVERSION = YES;
				GCC_WARN_ABOUT_RETURN_TYPE = YES_ERROR;
				GCC_WARN_UNDECLARED_SELECTOR = YES;
				GCC_WARN_UNINITIALIZED_AUTOS = YES_AGGRESSIVE;
				GCC_WARN_UNUSED_FUNCTION = YES;
				GCC_WARN_UNUSED_VARIABLE = YES;
				IPHONEOS_DEPLOYMENT_TARGET = 15.5;
				MTL_ENABLE_DEBUG_INFO = INCLUDE_SOURCE;
				MTL_FAST_MATH = YES;
				ONLY_ACTIVE_ARCH = YES;
				SDKROOT = iphoneos;
				SWIFT_ACTIVE_COMPILATION_CONDITIONS = DEBUG;
				SWIFT_OPTIMIZATION_LEVEL = "-Onone";
			};
			name = Debug;
		};
		2C56B5F1283E0927005A4192 /* Release */ = {
			isa = XCBuildConfiguration;
			buildSettings = {
				ALWAYS_SEARCH_USER_PATHS = NO;
				CLANG_ANALYZER_NONNULL = YES;
				CLANG_ANALYZER_NUMBER_OBJECT_CONVERSION = YES_AGGRESSIVE;
				CLANG_CXX_LANGUAGE_STANDARD = "gnu++17";
				CLANG_ENABLE_MODULES = YES;
				CLANG_ENABLE_OBJC_ARC = YES;
				CLANG_ENABLE_OBJC_WEAK = YES;
				CLANG_WARN_BLOCK_CAPTURE_AUTORELEASING = YES;
				CLANG_WARN_BOOL_CONVERSION = YES;
				CLANG_WARN_COMMA = YES;
				CLANG_WARN_CONSTANT_CONVERSION = YES;
				CLANG_WARN_DEPRECATED_OBJC_IMPLEMENTATIONS = YES;
				CLANG_WARN_DIRECT_OBJC_ISA_USAGE = YES_ERROR;
				CLANG_WARN_DOCUMENTATION_COMMENTS = YES;
				CLANG_WARN_EMPTY_BODY = YES;
				CLANG_WARN_ENUM_CONVERSION = YES;
				CLANG_WARN_INFINITE_RECURSION = YES;
				CLANG_WARN_INT_CONVERSION = YES;
				CLANG_WARN_NON_LITERAL_NULL_CONVERSION = YES;
				CLANG_WARN_OBJC_IMPLICIT_RETAIN_SELF = YES;
				CLANG_WARN_OBJC_LITERAL_CONVERSION = YES;
				CLANG_WARN_OBJC_ROOT_CLASS = YES_ERROR;
				CLANG_WARN_QUOTED_INCLUDE_IN_FRAMEWORK_HEADER = YES;
				CLANG_WARN_RANGE_LOOP_ANALYSIS = YES;
				CLANG_WARN_STRICT_PROTOTYPES = YES;
				CLANG_WARN_SUSPICIOUS_MOVE = YES;
				CLANG_WARN_UNGUARDED_AVAILABILITY = YES_AGGRESSIVE;
				CLANG_WARN_UNREACHABLE_CODE = YES;
				CLANG_WARN__DUPLICATE_METHOD_MATCH = YES;
				COPY_PHASE_STRIP = NO;
				DEBUG_INFORMATION_FORMAT = "dwarf-with-dsym";
				ENABLE_NS_ASSERTIONS = NO;
				ENABLE_STRICT_OBJC_MSGSEND = YES;
				GCC_C_LANGUAGE_STANDARD = gnu11;
				GCC_NO_COMMON_BLOCKS = YES;
				GCC_WARN_64_TO_32_BIT_CONVERSION = YES;
				GCC_WARN_ABOUT_RETURN_TYPE = YES_ERROR;
				GCC_WARN_UNDECLARED_SELECTOR = YES;
				GCC_WARN_UNINITIALIZED_AUTOS = YES_AGGRESSIVE;
				GCC_WARN_UNUSED_FUNCTION = YES;
				GCC_WARN_UNUSED_VARIABLE = YES;
				IPHONEOS_DEPLOYMENT_TARGET = 15.5;
				MTL_ENABLE_DEBUG_INFO = NO;
				MTL_FAST_MATH = YES;
				SDKROOT = iphoneos;
				SWIFT_COMPILATION_MODE = wholemodule;
				SWIFT_OPTIMIZATION_LEVEL = "-O";
				VALIDATE_PRODUCT = YES;
			};
			name = Release;
		};
		2C56B5F3283E0927005A4192 /* Debug */ = {
			isa = XCBuildConfiguration;
			buildSettings = {
				ASSETCATALOG_COMPILER_APPICON_NAME = AppIcon;
				ASSETCATALOG_COMPILER_GLOBAL_ACCENT_COLOR_NAME = AccentColor;
				CODE_SIGN_STYLE = Automatic;
				CURRENT_PROJECT_VERSION = 1;
				GENERATE_INFOPLIST_FILE = YES;
				INFOPLIST_FILE = iampoor/Info.plist;
				INFOPLIST_KEY_UIApplicationSupportsIndirectInputEvents = YES;
				INFOPLIST_KEY_UILaunchStoryboardName = LaunchScreen;
				INFOPLIST_KEY_UIMainStoryboardFile = Main;
				INFOPLIST_KEY_UISupportedInterfaceOrientations_iPad = "UIInterfaceOrientationPortrait UIInterfaceOrientationPortraitUpsideDown UIInterfaceOrientationLandscapeLeft UIInterfaceOrientationLandscapeRight";
				INFOPLIST_KEY_UISupportedInterfaceOrientations_iPhone = "UIInterfaceOrientationPortrait UIInterfaceOrientationLandscapeLeft UIInterfaceOrientationLandscapeRight";
				LD_RUNPATH_SEARCH_PATHS = (
					"$(inherited)",
					"@executable_path/Frameworks",
				);
				MARKETING_VERSION = 1.0;
				PRODUCT_BUNDLE_IDENTIFIER = com.seungjohan.iampoor;
				PRODUCT_NAME = "$(TARGET_NAME)";
				SWIFT_EMIT_LOC_STRINGS = YES;
				SWIFT_VERSION = 5.0;
				TARGETED_DEVICE_FAMILY = "1,2";
			};
			name = Debug;
		};
		2C56B5F4283E0927005A4192 /* Release */ = {
			isa = XCBuildConfiguration;
			buildSettings = {
				ASSETCATALOG_COMPILER_APPICON_NAME = AppIcon;
				ASSETCATALOG_COMPILER_GLOBAL_ACCENT_COLOR_NAME = AccentColor;
				CODE_SIGN_STYLE = Automatic;
				CURRENT_PROJECT_VERSION = 1;
				GENERATE_INFOPLIST_FILE = YES;
				INFOPLIST_FILE = iampoor/Info.plist;
				INFOPLIST_KEY_UIApplicationSupportsIndirectInputEvents = YES;
				INFOPLIST_KEY_UILaunchStoryboardName = LaunchScreen;
				INFOPLIST_KEY_UIMainStoryboardFile = Main;
				INFOPLIST_KEY_UISupportedInterfaceOrientations_iPad = "UIInterfaceOrientationPortrait UIInterfaceOrientationPortraitUpsideDown UIInterfaceOrientationLandscapeLeft UIInterfaceOrientationLandscapeRight";
				INFOPLIST_KEY_UISupportedInterfaceOrientations_iPhone = "UIInterfaceOrientationPortrait UIInterfaceOrientationLandscapeLeft UIInterfaceOrientationLandscapeRight";
				LD_RUNPATH_SEARCH_PATHS = (
					"$(inherited)",
					"@executable_path/Frameworks",
				);
				MARKETING_VERSION = 1.0;
				PRODUCT_BUNDLE_IDENTIFIER = com.seungjohan.iampoor;
				PRODUCT_NAME = "$(TARGET_NAME)";
				SWIFT_EMIT_LOC_STRINGS = YES;
				SWIFT_VERSION = 5.0;
				TARGETED_DEVICE_FAMILY = "1,2";
			};
			name = Release;
		};
		2C56B5F6283E0927005A4192 /* Debug */ = {
			isa = XCBuildConfiguration;
			buildSettings = {
				ALWAYS_EMBED_SWIFT_STANDARD_LIBRARIES = YES;
				BUNDLE_LOADER = "$(TEST_HOST)";
				CODE_SIGN_STYLE = Automatic;
				CURRENT_PROJECT_VERSION = 1;
				GENERATE_INFOPLIST_FILE = YES;
				IPHONEOS_DEPLOYMENT_TARGET = 15.5;
				MARKETING_VERSION = 1.0;
				PRODUCT_BUNDLE_IDENTIFIER = com.seungjohan.iampoorTests;
				PRODUCT_NAME = "$(TARGET_NAME)";
				SWIFT_EMIT_LOC_STRINGS = NO;
				SWIFT_VERSION = 5.0;
				TARGETED_DEVICE_FAMILY = "1,2";
				TEST_HOST = "$(BUILT_PRODUCTS_DIR)/iampoor.app/iampoor";
			};
			name = Debug;
		};
		2C56B5F7283E0927005A4192 /* Release */ = {
			isa = XCBuildConfiguration;
			buildSettings = {
				ALWAYS_EMBED_SWIFT_STANDARD_LIBRARIES = YES;
				BUNDLE_LOADER = "$(TEST_HOST)";
				CODE_SIGN_STYLE = Automatic;
				CURRENT_PROJECT_VERSION = 1;
				GENERATE_INFOPLIST_FILE = YES;
				IPHONEOS_DEPLOYMENT_TARGET = 15.5;
				MARKETING_VERSION = 1.0;
				PRODUCT_BUNDLE_IDENTIFIER = com.seungjohan.iampoorTests;
				PRODUCT_NAME = "$(TARGET_NAME)";
				SWIFT_EMIT_LOC_STRINGS = NO;
				SWIFT_VERSION = 5.0;
				TARGETED_DEVICE_FAMILY = "1,2";
				TEST_HOST = "$(BUILT_PRODUCTS_DIR)/iampoor.app/iampoor";
			};
			name = Release;
		};
		2C56B5F9283E0927005A4192 /* Debug */ = {
			isa = XCBuildConfiguration;
			buildSettings = {
				ALWAYS_EMBED_SWIFT_STANDARD_LIBRARIES = YES;
				CODE_SIGN_STYLE = Automatic;
				CURRENT_PROJECT_VERSION = 1;
				GENERATE_INFOPLIST_FILE = YES;
				MARKETING_VERSION = 1.0;
				PRODUCT_BUNDLE_IDENTIFIER = com.seungjohan.iampoorUITests;
				PRODUCT_NAME = "$(TARGET_NAME)";
				SWIFT_EMIT_LOC_STRINGS = NO;
				SWIFT_VERSION = 5.0;
				TARGETED_DEVICE_FAMILY = "1,2";
				TEST_TARGET_NAME = iampoor;
			};
			name = Debug;
		};
		2C56B5FA283E0927005A4192 /* Release */ = {
			isa = XCBuildConfiguration;
			buildSettings = {
				ALWAYS_EMBED_SWIFT_STANDARD_LIBRARIES = YES;
				CODE_SIGN_STYLE = Automatic;
				CURRENT_PROJECT_VERSION = 1;
				GENERATE_INFOPLIST_FILE = YES;
				MARKETING_VERSION = 1.0;
				PRODUCT_BUNDLE_IDENTIFIER = com.seungjohan.iampoorUITests;
				PRODUCT_NAME = "$(TARGET_NAME)";
				SWIFT_EMIT_LOC_STRINGS = NO;
				SWIFT_VERSION = 5.0;
				TARGETED_DEVICE_FAMILY = "1,2";
				TEST_TARGET_NAME = iampoor;
			};
			name = Release;
		};
/* End XCBuildConfiguration section */

/* Begin XCConfigurationList section */
		2C56B5C0283E0926005A4192 /* Build configuration list for PBXProject "iampoor" */ = {
			isa = XCConfigurationList;
			buildConfigurations = (
				2C56B5F0283E0927005A4192 /* Debug */,
				2C56B5F1283E0927005A4192 /* Release */,
			);
			defaultConfigurationIsVisible = 0;
			defaultConfigurationName = Release;
		};
		2C56B5F2283E0927005A4192 /* Build configuration list for PBXNativeTarget "iampoor" */ = {
			isa = XCConfigurationList;
			buildConfigurations = (
				2C56B5F3283E0927005A4192 /* Debug */,
				2C56B5F4283E0927005A4192 /* Release */,
			);
			defaultConfigurationIsVisible = 0;
			defaultConfigurationName = Release;
		};
		2C56B5F5283E0927005A4192 /* Build configuration list for PBXNativeTarget "iampoorTests" */ = {
			isa = XCConfigurationList;
			buildConfigurations = (
				2C56B5F6283E0927005A4192 /* Debug */,
				2C56B5F7283E0927005A4192 /* Release */,
			);
			defaultConfigurationIsVisible = 0;
			defaultConfigurationName = Release;
		};
		2C56B5F8283E0927005A4192 /* Build configuration list for PBXNativeTarget "iampoorUITests" */ = {
			isa = XCConfigurationList;
			buildConfigurations = (
				2C56B5F9283E0927005A4192 /* Debug */,
				2C56B5FA283E0927005A4192 /* Release */,
			);
			defaultConfigurationIsVisible = 0;
			defaultConfigurationName = Release;
		};
/* End XCConfigurationList section */

/* Begin XCVersionGroup section */
		2C56B5D1283E0926005A4192 /* iampoor.xcdatamodeld */ = {
			isa = XCVersionGroup;
			children = (
				2C56B5D2283E0926005A4192 /* iampoor.xcdatamodel */,
			);
			currentVersion = 2C56B5D2283E0926005A4192 /* iampoor.xcdatamodel */;
			path = iampoor.xcdatamodeld;
			sourceTree = "<group>";
			versionGroupType = wrapper.xcdatamodel;
		};
/* End XCVersionGroup section */
	};
	rootObject = 2C56B5BD283E0926005A4192 /* Project object */;
}
